
Microsoft Visual Studio Solution File, Format Version 12.00
# Visual Studio 15
VisualStudioVersion = 15.0.27004.2006
MinimumVisualStudioVersion = 10.0.40219.1
Project("{FAE04EC0-301F-11D3-BF4B-00C04F79EFBC}") = "TestStudentovPodlaPala", "TestStudentovPodlaPala\TestStudentovPodlaPala.csproj", "{2C7FBE96-F698-464D-AF24-2A2C744CCA2E}"
EndProject
Global
	GlobalSection(SolutionConfigurationPlatforms) = preSolution
		Debug|Any CPU = Debug|Any CPU
		Release|Any CPU = Release|Any CPU
	EndGlobalSection
	GlobalSection(ProjectConfigurationPlatforms) = postSolution
		{2C7FBE96-F698-464D-AF24-2A2C744CCA2E}.Debug|Any CPU.ActiveCfg = Debug|Any CPU
		{2C7FBE96-F698-464D-AF24-2A2C744CCA2E}.Debug|Any CPU.Build.0 = Debug|Any CPU
		{2C7FBE96-F698-464D-AF24-2A2C744CCA2E}.Release|Any CPU.ActiveCfg = Release|Any CPU
		{2C7FBE96-F698-464D-AF24-2A2C744CCA2E}.Release|Any CPU.Build.0 = Release|Any CPU
	EndGlobalSection
	GlobalSection(SolutionProperties) = preSolution
		HideSolutionNode = FALSE
	EndGlobalSection
	GlobalSection(ExtensibilityGlobals) = postSolution
		SolutionGuid = {ADEA4CFC-B66A-493C-999E-BA400B094CE6}
	EndGlobalSection
EndGlobal
